
Microsoft Visual Studio Solution File, Format Version 12.00
# Visual Studio 15
VisualStudioVersion = 15.0.28307.329
MinimumVisualStudioVersion = 10.0.40219.1
Project("{FAE04EC0-301F-11D3-BF4B-00C04F79EFBC}") = "Google NLP", "Google NLP\Google NLP.csproj", "{62894A8B-337B-4F4D-BA38-E3394E59990D}"
EndProject
Global
	GlobalSection(SolutionConfigurationPlatforms) = preSolution
		Debug|Any CPU = Debug|Any CPU
		Release|Any CPU = Release|Any CPU
	EndGlobalSection
	GlobalSection(ProjectConfigurationPlatforms) = postSolution
		{62894A8B-337B-4F4D-BA38-E3394E59990D}.Debug|Any CPU.ActiveCfg = Debug|Any CPU
		{62894A8B-337B-4F4D-BA38-E3394E59990D}.Debug|Any CPU.Build.0 = Debug|Any CPU
		{62894A8B-337B-4F4D-BA38-E3394E59990D}.Release|Any CPU.ActiveCfg = Release|Any CPU
		{62894A8B-337B-4F4D-BA38-E3394E59990D}.Release|Any CPU.Build.0 = Release|Any CPU
	EndGlobalSection
	GlobalSection(SolutionProperties) = preSolution
		HideSolutionNode = FALSE
	EndGlobalSection
	GlobalSection(ExtensibilityGlobals) = postSolution
		SolutionGuid = {420BDDE9-5104-46F5-98E9-441AEC855576}
	EndGlobalSection
EndGlobal
